<?xml version="1.0" encoding="UTF-8" standalone="yes" ?>
<CodeBlocks_project_file>
	<FileVersion major="1" minor="6" />
	<Project>
		<Option title="mcu-libc" />
		<Option makefile_is_custom="1" />
		<Option pch_mode="2" />
		<Option compiler="gcc" />
		<MakeCommands>
			<Build command="$make -f $makefile MCU=LPC2148 all" />
			<CompileFile command="$make -f $makefile MCU=LPC2148 install" />
			<Clean command="$make -f $makefile MCU=LPC2148 clean" />
			<DistClean command="$make -f $makefile MCU=LPC2148 distclean" />
			<AskRebuildNeeded command="$make -q -f $makefile $target" />
			<SilentBuild command="$make -s -f $makefile $target" />
		</MakeCommands>
		<Build>
			<Target title="all">
				<Option output="bin/all/sys" prefix_auto="0" extension_auto="0" />
				<Option working_dir="" />
				<Option object_output="obj/all/" />
				<Option type="5" />
				<Option compiler="gcc" />
				<MakeCommands>
					<Build command="$make -f $makefile  ARCH=cortex-m3" />
					<CompileFile command="$make -f $makefile ARCH=cortex-m3 install" />
					<Clean command="$make -f $makefile  ARCH=cortex-m3 clean" />
					<DistClean command="$make -f $makefile  MCU=LPC2148 distclean" />
					<AskRebuildNeeded command="$make -q -f $makefile $target" />
					<SilentBuild command="$make -f $makefile  ARCH=cortex-m3 &gt; $(CMD_NULL)" />
				</MakeCommands>
			</Target>
			<Environment>
				<Variable name="MCU" value="LPC2148" />
			</Environment>
		</Build>
		<Unit filename="CHANGELOG.txt" />
		<Unit filename="Makefile" />
		<Unit filename="inc/arm7/bits/alltypes.h" />
		<Unit filename="inc/assert.h" />
		<Unit filename="inc/cm0/bits/alltypes.h" />
		<Unit filename="inc/cm3/bits/alltypes.h" />
		<Unit filename="inc/ctype.h" />
		<Unit filename="inc/errno.h" />
		<Unit filename="inc/features.h" />
		<Unit filename="inc/inttypes.h" />
		<Unit filename="inc/libc_version.h" />
		<Unit filename="inc/limits.h" />
		<Unit filename="inc/msp_printf.h" />
		<Unit filename="inc/stdarg.h" />
		<Unit filename="inc/stdbool.h" />
		<Unit filename="inc/stddef.h" />
		<Unit filename="inc/stdint.h" />
		<Unit filename="inc/stdio.h" />
		<Unit filename="inc/stdlib.h" />
		<Unit filename="inc/string.h" />
		<Unit filename="inc/sys/time.h" />
		<Unit filename="inc/systime_tick.h" />
		<Unit filename="inc/tfp_printf.h" />
		<Unit filename="inc/time.h" />
		<Unit filename="inc/tlsf.h" />
		<Unit filename="inc/unistd.h" />
		<Unit filename="printf/doc/convert.c">
			<Option compilerVar="CC" />
		</Unit>
		<Unit filename="printf/msp_printf.c">
			<Option compilerVar="CC" />
		</Unit>
		<Unit filename="printf/tfp_printf.c">
			<Option compilerVar="CC" />
		</Unit>
		<Unit filename="stdlib/abs.c">
			<Option compilerVar="CC" />
		</Unit>
		<Unit filename="stdlib/atoi.c">
			<Option compilerVar="CC" />
		</Unit>
		<Unit filename="stdlib/atol.c">
			<Option compilerVar="CC" />
		</Unit>
		<Unit filename="stdlib/atoll.c">
			<Option compilerVar="CC" />
		</Unit>
		<Unit filename="stdlib/atoui.c">
			<Option compilerVar="CC" />
		</Unit>
		<Unit filename="stdlib/atoul.c">
			<Option compilerVar="CC" />
		</Unit>
		<Unit filename="stdlib/atoull.c">
			<Option compilerVar="CC" />
		</Unit>
		<Unit filename="stdlib/bsearch.c">
			<Option compilerVar="CC" />
		</Unit>
		<Unit filename="stdlib/ctype.c">
			<Option compilerVar="CC" />
		</Unit>
		<Unit filename="stdlib/div.c">
			<Option compilerVar="CC" />
		</Unit>
		<Unit filename="stdlib/errno.c">
			<Option compilerVar="CC" />
		</Unit>
		<Unit filename="stdlib/itoa.c">
			<Option compilerVar="CC" />
		</Unit>
		<Unit filename="stdlib/ldiv.c">
			<Option compilerVar="CC" />
		</Unit>
		<Unit filename="stdlib/lldiv.c">
			<Option compilerVar="CC" />
		</Unit>
		<Unit filename="stdlib/lltoa.c">
			<Option compilerVar="CC" />
		</Unit>
		<Unit filename="stdlib/ltoa.c">
			<Option compilerVar="CC" />
		</Unit>
		<Unit filename="stdlib/rand.c">
			<Option compilerVar="CC" />
		</Unit>
		<Unit filename="stdlib/suitoa.c">
			<Option compilerVar="CC" />
		</Unit>
		<Unit filename="stdlib/usleep.c">
			<Option compilerVar="CC" />
		</Unit>
		<Unit filename="string/memccpy.c">
			<Option compilerVar="CC" />
		</Unit>
		<Unit filename="string/memchr.c">
			<Option compilerVar="CC" />
		</Unit>
		<Unit filename="string/memcmp.c">
			<Option compilerVar="CC" />
		</Unit>
		<Unit filename="string/memcpy-armv7m.S" />
		<Unit filename="string/memcpy-cm3.S" />
		<Unit filename="string/memcpy.c">
			<Option compilerVar="CC" />
		</Unit>
		<Unit filename="string/memcpy_f9.c">
			<Option compilerVar="CC" />
		</Unit>
		<Unit filename="string/memmove.c">
			<Option compilerVar="CC" />
		</Unit>
		<Unit filename="string/memset.c">
			<Option compilerVar="CC" />
		</Unit>
		<Unit filename="string/reverse.c">
			<Option compilerVar="CC" />
		</Unit>
		<Unit filename="string/strcasecmp.c">
			<Option compilerVar="CC" />
		</Unit>
		<Unit filename="string/strcat.c">
			<Option compilerVar="CC" />
		</Unit>
		<Unit filename="string/strchr.c">
			<Option compilerVar="CC" />
		</Unit>
		<Unit filename="string/strcmp.c">
			<Option compilerVar="CC" />
		</Unit>
		<Unit filename="string/strcpy.c">
			<Option compilerVar="CC" />
		</Unit>
		<Unit filename="string/strcspn.c">
			<Option compilerVar="CC" />
		</Unit>
		<Unit filename="string/strlcat.c">
			<Option compilerVar="CC" />
		</Unit>
		<Unit filename="string/strlcpy.c">
			<Option compilerVar="CC" />
		</Unit>
		<Unit filename="string/strlen.c">
			<Option compilerVar="CC" />
		</Unit>
		<Unit filename="string/strncasecmp.c">
			<Option compilerVar="CC" />
		</Unit>
		<Unit filename="string/strncat.c">
			<Option compilerVar="CC" />
		</Unit>
		<Unit filename="string/strncmp.c">
			<Option compilerVar="CC" />
		</Unit>
		<Unit filename="string/strncpy.c">
			<Option compilerVar="CC" />
		</Unit>
		<Unit filename="string/strnlen.c">
			<Option compilerVar="CC" />
		</Unit>
		<Unit filename="string/strpbrk.c">
			<Option compilerVar="CC" />
		</Unit>
		<Unit filename="string/strrchr.c">
			<Option compilerVar="CC" />
		</Unit>
		<Unit filename="string/strrev.c">
			<Option compilerVar="CC" />
		</Unit>
		<Unit filename="string/strsep.c">
			<Option compilerVar="CC" />
		</Unit>
		<Unit filename="string/strspn.c">
			<Option compilerVar="CC" />
		</Unit>
		<Unit filename="string/strstr.c">
			<Option compilerVar="CC" />
		</Unit>
		<Unit filename="string/strtok.c">
			<Option compilerVar="CC" />
		</Unit>
		<Unit filename="string/strtol.c">
			<Option compilerVar="CC" />
		</Unit>
		<Unit filename="string/strtoll.c">
			<Option compilerVar="CC" />
		</Unit>
		<Unit filename="string/strtoul.c">
			<Option compilerVar="CC" />
		</Unit>
		<Unit filename="string/strtoull.c">
			<Option compilerVar="CC" />
		</Unit>
		<Unit filename="string/strupr.c">
			<Option compilerVar="CC" />
		</Unit>
		<Unit filename="systime/systime_ms.c">
			<Option compilerVar="CC" />
		</Unit>
		<Unit filename="systime/systime_sec.c">
			<Option compilerVar="CC" />
		</Unit>
		<Unit filename="systime/systime_tick.c">
			<Option compilerVar="CC" />
		</Unit>
		<Unit filename="test/memcpy-cm3.S" />
		<Unit filename="test/memcpy_test/main.c">
			<Option compilerVar="CC" />
		</Unit>
		<Unit filename="test/memcpy_test/memcpy.c">
			<Option compilerVar="CC" />
		</Unit>
		<Unit filename="test/memcpy_test/memcpy_f9.c">
			<Option compilerVar="CC" />
		</Unit>
		<Unit filename="test/test_memcpy.c">
			<Option compilerVar="CC" />
		</Unit>
		<Unit filename="test/time_test/time_test.c">
			<Option compilerVar="CC" />
		</Unit>
		<Unit filename="time/asctime.c">
			<Option compilerVar="CC" />
		</Unit>
		<Unit filename="time/clock_getres.c">
			<Option compilerVar="CC" />
		</Unit>
		<Unit filename="time/clock_gettime.c">
			<Option compilerVar="CC" />
		</Unit>
		<Unit filename="time/clock_nanosleep.c">
			<Option compilerVar="CC" />
		</Unit>
		<Unit filename="time/clock_settime.c">
			<Option compilerVar="CC" />
		</Unit>
		<Unit filename="time/ctime.c">
			<Option compilerVar="CC" />
		</Unit>
		<Unit filename="time/gettimeofday.c">
			<Option compilerVar="CC" />
		</Unit>
		<Unit filename="time/gmtime.c">
			<Option compilerVar="CC" />
		</Unit>
		<Unit filename="time/localtime.c">
			<Option compilerVar="CC" />
		</Unit>
		<Unit filename="time/mktime.c">
			<Option compilerVar="CC" />
		</Unit>
		<Unit filename="time/time.c">
			<Option compilerVar="CC" />
		</Unit>
		<Unit filename="time/tzset.c">
			<Option compilerVar="CC" />
		</Unit>
		<Unit filename="tlsf_malloc/malloc.c">
			<Option compilerVar="CC" />
		</Unit>
		<Unit filename="tlsf_malloc/tlsf.c">
			<Option compilerVar="CC" />
		</Unit>
		<Unit filename="tlsf_malloc/tlsfbits.h" />
		<Extensions>
			<code_completion />
			<envvars />
			<debugger />
			<lib_finder disable_auto="1" />
		</Extensions>
	</Project>
</CodeBlocks_project_file>
