<?xml version="1.0" encoding="UTF-8" standalone="yes" ?>
<CodeBlocks_project_file>
	<FileVersion major="1" minor="6" />
	<Project>
		<Option title="mcu-libc" />
		<Option makefile_is_custom="1" />
		<Option pch_mode="2" />
		<Option compiler="gcc" />
		<MakeCommands>
			<Build command="$make -f $makefile MCU=LPC2148 all" />
			<CompileFile command="$make -f $makefile MCU=LPC2148 install" />
			<Clean command="$make -f $makefile MCU=LPC2148 clean" />
			<DistClean command="$make -f $makefile MCU=LPC2148 distclean" />
			<AskRebuildNeeded command="$make -q -f $makefile $target" />
			<SilentBuild command="$make -s -f $makefile $target" />
		</MakeCommands>
		<Build>
			<Target title="all">
				<Option output="bin/all/sys" prefix_auto="0" extension_auto="0" />
				<Option working_dir="" />
				<Option object_output="obj/all/" />
				<Option type="5" />
				<Option compiler="gcc" />
				<MakeCommands>
					<Build command="$make -f $makefile  ARCH=cortex-m3" />
					<CompileFile command="$make -f $makefile ARCH=cortex-m3 install" />
					<Clean command="$make -f $makefile  ARCH=cortex-m3 clean" />
					<DistClean command="$make -f $makefile  MCU=LPC2148 distclean" />
					<AskRebuildNeeded command="$make -q -f $makefile $target" />
					<SilentBuild command="$make -f $makefile  ARCH=cortex-m3 &gt; $(CMD_NULL)" />
				</MakeCommands>
			</Target>
			<Environment>
				<Variable name="MCU" value="LPC2148" />
			</Environment>
		</Build>
		<Unit filename="CHANGELOG.txt" />
		<Unit filename="Makefile" />
		<Unit filename="inc/arm7/bits/alltypes.h" />
		<Unit filename="inc/arm7/bits/float.h" />
		<Unit filename="inc/assert.h" />
		<Unit filename="inc/cm0/bits/alltypes.h" />
		<Unit filename="inc/cm0/bits/float.h" />
		<Unit filename="inc/cm3/bits/alltypes.h" />
		<Unit filename="inc/cm3/bits/float.h" />
		<Unit filename="inc/complex.h" />
		<Unit filename="inc/ctype.h" />
		<Unit filename="inc/errno.h" />
		<Unit filename="inc/features.h" />
		<Unit filename="inc/float.h" />
		<Unit filename="inc/inttypes.h" />
		<Unit filename="inc/libc_version.h" />
		<Unit filename="inc/limits.h" />
		<Unit filename="inc/math.h" />
		<Unit filename="inc/msp_printf.h" />
		<Unit filename="inc/stdarg.h" />
		<Unit filename="inc/stdbool.h" />
		<Unit filename="inc/stddef.h" />
		<Unit filename="inc/stdint.h" />
		<Unit filename="inc/stdio.h" />
		<Unit filename="inc/stdlib.h" />
		<Unit filename="inc/string.h" />
		<Unit filename="inc/sys/time.h" />
		<Unit filename="inc/systime_tick.h" />
		<Unit filename="inc/tfp_printf.h" />
		<Unit filename="inc/time.h" />
		<Unit filename="inc/tlsf.h" />
		<Unit filename="inc/unistd.h" />
		<Unit filename="init/init.c">
			<Option compilerVar="CC" />
		</Unit>
		<Unit filename="math/__cos.c">
			<Option compilerVar="CC" />
		</Unit>
		<Unit filename="math/__cosdf.c">
			<Option compilerVar="CC" />
		</Unit>
		<Unit filename="math/__cosl.c">
			<Option compilerVar="CC" />
		</Unit>
		<Unit filename="math/__expo2.c">
			<Option compilerVar="CC" />
		</Unit>
		<Unit filename="math/__expo2f.c">
			<Option compilerVar="CC" />
		</Unit>
		<Unit filename="math/__fpclassify.c">
			<Option compilerVar="CC" />
		</Unit>
		<Unit filename="math/__fpclassifyf.c">
			<Option compilerVar="CC" />
		</Unit>
		<Unit filename="math/__fpclassifyl.c">
			<Option compilerVar="CC" />
		</Unit>
		<Unit filename="math/__invtrigl.c">
			<Option compilerVar="CC" />
		</Unit>
		<Unit filename="math/__invtrigl.h" />
		<Unit filename="math/__polevll.c">
			<Option compilerVar="CC" />
		</Unit>
		<Unit filename="math/__rem_pio2.c">
			<Option compilerVar="CC" />
		</Unit>
		<Unit filename="math/__rem_pio2_large.c">
			<Option compilerVar="CC" />
		</Unit>
		<Unit filename="math/__rem_pio2f.c">
			<Option compilerVar="CC" />
		</Unit>
		<Unit filename="math/__rem_pio2l.c">
			<Option compilerVar="CC" />
		</Unit>
		<Unit filename="math/__signbit.c">
			<Option compilerVar="CC" />
		</Unit>
		<Unit filename="math/__signbitf.c">
			<Option compilerVar="CC" />
		</Unit>
		<Unit filename="math/__signbitl.c">
			<Option compilerVar="CC" />
		</Unit>
		<Unit filename="math/__sin.c">
			<Option compilerVar="CC" />
		</Unit>
		<Unit filename="math/__sindf.c">
			<Option compilerVar="CC" />
		</Unit>
		<Unit filename="math/__sinl.c">
			<Option compilerVar="CC" />
		</Unit>
		<Unit filename="math/__tan.c">
			<Option compilerVar="CC" />
		</Unit>
		<Unit filename="math/__tandf.c">
			<Option compilerVar="CC" />
		</Unit>
		<Unit filename="math/__tanl.c">
			<Option compilerVar="CC" />
		</Unit>
		<Unit filename="math/acos.c">
			<Option compilerVar="CC" />
		</Unit>
		<Unit filename="math/acosf.c">
			<Option compilerVar="CC" />
		</Unit>
		<Unit filename="math/acosh.c">
			<Option compilerVar="CC" />
		</Unit>
		<Unit filename="math/acoshf.c">
			<Option compilerVar="CC" />
		</Unit>
		<Unit filename="math/acoshl.c">
			<Option compilerVar="CC" />
		</Unit>
		<Unit filename="math/acosl.c">
			<Option compilerVar="CC" />
		</Unit>
		<Unit filename="math/armhf/fabs.s" />
		<Unit filename="math/armhf/fabsf.s" />
		<Unit filename="math/armhf/sqrt.s" />
		<Unit filename="math/armhf/sqrtf.s" />
		<Unit filename="math/asin.c">
			<Option compilerVar="CC" />
		</Unit>
		<Unit filename="math/asinf.c">
			<Option compilerVar="CC" />
		</Unit>
		<Unit filename="math/asinh.c">
			<Option compilerVar="CC" />
		</Unit>
		<Unit filename="math/asinhf.c">
			<Option compilerVar="CC" />
		</Unit>
		<Unit filename="math/asinhl.c">
			<Option compilerVar="CC" />
		</Unit>
		<Unit filename="math/asinl.c">
			<Option compilerVar="CC" />
		</Unit>
		<Unit filename="math/atan.c">
			<Option compilerVar="CC" />
		</Unit>
		<Unit filename="math/atan2.c">
			<Option compilerVar="CC" />
		</Unit>
		<Unit filename="math/atan2f.c">
			<Option compilerVar="CC" />
		</Unit>
		<Unit filename="math/atan2l.c">
			<Option compilerVar="CC" />
		</Unit>
		<Unit filename="math/atanf.c">
			<Option compilerVar="CC" />
		</Unit>
		<Unit filename="math/atanh.c">
			<Option compilerVar="CC" />
		</Unit>
		<Unit filename="math/atanhf.c">
			<Option compilerVar="CC" />
		</Unit>
		<Unit filename="math/atanhl.c">
			<Option compilerVar="CC" />
		</Unit>
		<Unit filename="math/atanl.c">
			<Option compilerVar="CC" />
		</Unit>
		<Unit filename="math/cbrt.c">
			<Option compilerVar="CC" />
		</Unit>
		<Unit filename="math/cbrtf.c">
			<Option compilerVar="CC" />
		</Unit>
		<Unit filename="math/cbrtl.c">
			<Option compilerVar="CC" />
		</Unit>
		<Unit filename="math/ceil.c">
			<Option compilerVar="CC" />
		</Unit>
		<Unit filename="math/ceilf.c">
			<Option compilerVar="CC" />
		</Unit>
		<Unit filename="math/ceill.c">
			<Option compilerVar="CC" />
		</Unit>
		<Unit filename="math/copysign.c">
			<Option compilerVar="CC" />
		</Unit>
		<Unit filename="math/copysignf.c">
			<Option compilerVar="CC" />
		</Unit>
		<Unit filename="math/copysignl.c">
			<Option compilerVar="CC" />
		</Unit>
		<Unit filename="math/cos.c">
			<Option compilerVar="CC" />
		</Unit>
		<Unit filename="math/cosf.c">
			<Option compilerVar="CC" />
		</Unit>
		<Unit filename="math/cosh.c">
			<Option compilerVar="CC" />
		</Unit>
		<Unit filename="math/coshf.c">
			<Option compilerVar="CC" />
		</Unit>
		<Unit filename="math/coshl.c">
			<Option compilerVar="CC" />
		</Unit>
		<Unit filename="math/cosl.c">
			<Option compilerVar="CC" />
		</Unit>
		<Unit filename="math/erf.c">
			<Option compilerVar="CC" />
		</Unit>
		<Unit filename="math/erff.c">
			<Option compilerVar="CC" />
		</Unit>
		<Unit filename="math/erfl.c">
			<Option compilerVar="CC" />
		</Unit>
		<Unit filename="math/exp.c">
			<Option compilerVar="CC" />
		</Unit>
		<Unit filename="math/exp10.c">
			<Option compilerVar="CC" />
		</Unit>
		<Unit filename="math/exp10f.c">
			<Option compilerVar="CC" />
		</Unit>
		<Unit filename="math/exp10l.c">
			<Option compilerVar="CC" />
		</Unit>
		<Unit filename="math/exp2.c">
			<Option compilerVar="CC" />
		</Unit>
		<Unit filename="math/exp2f.c">
			<Option compilerVar="CC" />
		</Unit>
		<Unit filename="math/exp2l.c">
			<Option compilerVar="CC" />
		</Unit>
		<Unit filename="math/expf.c">
			<Option compilerVar="CC" />
		</Unit>
		<Unit filename="math/expl.c">
			<Option compilerVar="CC" />
		</Unit>
		<Unit filename="math/expm1.c">
			<Option compilerVar="CC" />
		</Unit>
		<Unit filename="math/expm1f.c">
			<Option compilerVar="CC" />
		</Unit>
		<Unit filename="math/expm1l.c">
			<Option compilerVar="CC" />
		</Unit>
		<Unit filename="math/fabs.c">
			<Option compilerVar="CC" />
		</Unit>
		<Unit filename="math/fabsf.c">
			<Option compilerVar="CC" />
		</Unit>
		<Unit filename="math/fabsl.c">
			<Option compilerVar="CC" />
		</Unit>
		<Unit filename="math/fdim.c">
			<Option compilerVar="CC" />
		</Unit>
		<Unit filename="math/fdimf.c">
			<Option compilerVar="CC" />
		</Unit>
		<Unit filename="math/fdiml.c">
			<Option compilerVar="CC" />
		</Unit>
		<Unit filename="math/finite.c">
			<Option compilerVar="CC" />
		</Unit>
		<Unit filename="math/finitef.c">
			<Option compilerVar="CC" />
		</Unit>
		<Unit filename="math/floor.c">
			<Option compilerVar="CC" />
		</Unit>
		<Unit filename="math/floorf.c">
			<Option compilerVar="CC" />
		</Unit>
		<Unit filename="math/floorl.c">
			<Option compilerVar="CC" />
		</Unit>
		<Unit filename="math/fma.c">
			<Option compilerVar="CC" />
		</Unit>
		<Unit filename="math/fmaf.c">
			<Option compilerVar="CC" />
		</Unit>
		<Unit filename="math/fmal.c">
			<Option compilerVar="CC" />
		</Unit>
		<Unit filename="math/fmax.c">
			<Option compilerVar="CC" />
		</Unit>
		<Unit filename="math/fmaxf.c">
			<Option compilerVar="CC" />
		</Unit>
		<Unit filename="math/fmaxl.c">
			<Option compilerVar="CC" />
		</Unit>
		<Unit filename="math/fmin.c">
			<Option compilerVar="CC" />
		</Unit>
		<Unit filename="math/fminf.c">
			<Option compilerVar="CC" />
		</Unit>
		<Unit filename="math/fminl.c">
			<Option compilerVar="CC" />
		</Unit>
		<Unit filename="math/fmod.c">
			<Option compilerVar="CC" />
		</Unit>
		<Unit filename="math/fmodf.c">
			<Option compilerVar="CC" />
		</Unit>
		<Unit filename="math/fmodl.c">
			<Option compilerVar="CC" />
		</Unit>
		<Unit filename="math/frexp.c">
			<Option compilerVar="CC" />
		</Unit>
		<Unit filename="math/frexpf.c">
			<Option compilerVar="CC" />
		</Unit>
		<Unit filename="math/frexpl.c">
			<Option compilerVar="CC" />
		</Unit>
		<Unit filename="math/hypot.c">
			<Option compilerVar="CC" />
		</Unit>
		<Unit filename="math/hypotf.c">
			<Option compilerVar="CC" />
		</Unit>
		<Unit filename="math/hypotl.c">
			<Option compilerVar="CC" />
		</Unit>
		<Unit filename="math/ilogb.c">
			<Option compilerVar="CC" />
		</Unit>
		<Unit filename="math/ilogbf.c">
			<Option compilerVar="CC" />
		</Unit>
		<Unit filename="math/ilogbl.c">
			<Option compilerVar="CC" />
		</Unit>
		<Unit filename="math/j0.c">
			<Option compilerVar="CC" />
		</Unit>
		<Unit filename="math/j0f.c">
			<Option compilerVar="CC" />
		</Unit>
		<Unit filename="math/j1.c">
			<Option compilerVar="CC" />
		</Unit>
		<Unit filename="math/j1f.c">
			<Option compilerVar="CC" />
		</Unit>
		<Unit filename="math/jn.c">
			<Option compilerVar="CC" />
		</Unit>
		<Unit filename="math/jnf.c">
			<Option compilerVar="CC" />
		</Unit>
		<Unit filename="math/ldexp.c">
			<Option compilerVar="CC" />
		</Unit>
		<Unit filename="math/ldexpf.c">
			<Option compilerVar="CC" />
		</Unit>
		<Unit filename="math/ldexpl.c">
			<Option compilerVar="CC" />
		</Unit>
		<Unit filename="math/lgamma.c">
			<Option compilerVar="CC" />
		</Unit>
		<Unit filename="math/lgamma_r.c">
			<Option compilerVar="CC" />
		</Unit>
		<Unit filename="math/lgammaf.c">
			<Option compilerVar="CC" />
		</Unit>
		<Unit filename="math/lgammaf_r.c">
			<Option compilerVar="CC" />
		</Unit>
		<Unit filename="math/lgammal.c">
			<Option compilerVar="CC" />
		</Unit>
		<Unit filename="math/libm.h" />
		<Unit filename="math/llrint.c">
			<Option compilerVar="CC" />
		</Unit>
		<Unit filename="math/llrintf.c">
			<Option compilerVar="CC" />
		</Unit>
		<Unit filename="math/llrintl.c">
			<Option compilerVar="CC" />
		</Unit>
		<Unit filename="math/llround.c">
			<Option compilerVar="CC" />
		</Unit>
		<Unit filename="math/llroundf.c">
			<Option compilerVar="CC" />
		</Unit>
		<Unit filename="math/llroundl.c">
			<Option compilerVar="CC" />
		</Unit>
		<Unit filename="math/log.c">
			<Option compilerVar="CC" />
		</Unit>
		<Unit filename="math/log10.c">
			<Option compilerVar="CC" />
		</Unit>
		<Unit filename="math/log10f.c">
			<Option compilerVar="CC" />
		</Unit>
		<Unit filename="math/log10l.c">
			<Option compilerVar="CC" />
		</Unit>
		<Unit filename="math/log1p.c">
			<Option compilerVar="CC" />
		</Unit>
		<Unit filename="math/log1pf.c">
			<Option compilerVar="CC" />
		</Unit>
		<Unit filename="math/log1pl.c">
			<Option compilerVar="CC" />
		</Unit>
		<Unit filename="math/log2.c">
			<Option compilerVar="CC" />
		</Unit>
		<Unit filename="math/log2f.c">
			<Option compilerVar="CC" />
		</Unit>
		<Unit filename="math/log2l.c">
			<Option compilerVar="CC" />
		</Unit>
		<Unit filename="math/logb.c">
			<Option compilerVar="CC" />
		</Unit>
		<Unit filename="math/logbf.c">
			<Option compilerVar="CC" />
		</Unit>
		<Unit filename="math/logbl.c">
			<Option compilerVar="CC" />
		</Unit>
		<Unit filename="math/logf.c">
			<Option compilerVar="CC" />
		</Unit>
		<Unit filename="math/logl.c">
			<Option compilerVar="CC" />
		</Unit>
		<Unit filename="math/lrint.c">
			<Option compilerVar="CC" />
		</Unit>
		<Unit filename="math/lrintf.c">
			<Option compilerVar="CC" />
		</Unit>
		<Unit filename="math/lrintl.c">
			<Option compilerVar="CC" />
		</Unit>
		<Unit filename="math/lround.c">
			<Option compilerVar="CC" />
		</Unit>
		<Unit filename="math/lroundf.c">
			<Option compilerVar="CC" />
		</Unit>
		<Unit filename="math/lroundl.c">
			<Option compilerVar="CC" />
		</Unit>
		<Unit filename="math/modf.c">
			<Option compilerVar="CC" />
		</Unit>
		<Unit filename="math/modff.c">
			<Option compilerVar="CC" />
		</Unit>
		<Unit filename="math/modfl.c">
			<Option compilerVar="CC" />
		</Unit>
		<Unit filename="math/nan.c">
			<Option compilerVar="CC" />
		</Unit>
		<Unit filename="math/nanf.c">
			<Option compilerVar="CC" />
		</Unit>
		<Unit filename="math/nanl.c">
			<Option compilerVar="CC" />
		</Unit>
		<Unit filename="math/nearbyint.c">
			<Option compilerVar="CC" />
		</Unit>
		<Unit filename="math/nearbyintf.c">
			<Option compilerVar="CC" />
		</Unit>
		<Unit filename="math/nearbyintl.c">
			<Option compilerVar="CC" />
		</Unit>
		<Unit filename="math/nextafter.c">
			<Option compilerVar="CC" />
		</Unit>
		<Unit filename="math/nextafterf.c">
			<Option compilerVar="CC" />
		</Unit>
		<Unit filename="math/nextafterl.c">
			<Option compilerVar="CC" />
		</Unit>
		<Unit filename="math/nexttoward.c">
			<Option compilerVar="CC" />
		</Unit>
		<Unit filename="math/nexttowardf.c">
			<Option compilerVar="CC" />
		</Unit>
		<Unit filename="math/nexttowardl.c">
			<Option compilerVar="CC" />
		</Unit>
		<Unit filename="math/pow.c">
			<Option compilerVar="CC" />
		</Unit>
		<Unit filename="math/powf.c">
			<Option compilerVar="CC" />
		</Unit>
		<Unit filename="math/powl.c">
			<Option compilerVar="CC" />
		</Unit>
		<Unit filename="math/remainder.c">
			<Option compilerVar="CC" />
		</Unit>
		<Unit filename="math/remainderf.c">
			<Option compilerVar="CC" />
		</Unit>
		<Unit filename="math/remainderl.c">
			<Option compilerVar="CC" />
		</Unit>
		<Unit filename="math/remquo.c">
			<Option compilerVar="CC" />
		</Unit>
		<Unit filename="math/remquof.c">
			<Option compilerVar="CC" />
		</Unit>
		<Unit filename="math/remquol.c">
			<Option compilerVar="CC" />
		</Unit>
		<Unit filename="math/rint.c">
			<Option compilerVar="CC" />
		</Unit>
		<Unit filename="math/rintf.c">
			<Option compilerVar="CC" />
		</Unit>
		<Unit filename="math/rintl.c">
			<Option compilerVar="CC" />
		</Unit>
		<Unit filename="math/round.c">
			<Option compilerVar="CC" />
		</Unit>
		<Unit filename="math/roundf.c">
			<Option compilerVar="CC" />
		</Unit>
		<Unit filename="math/roundl.c">
			<Option compilerVar="CC" />
		</Unit>
		<Unit filename="math/scalb.c">
			<Option compilerVar="CC" />
		</Unit>
		<Unit filename="math/scalbf.c">
			<Option compilerVar="CC" />
		</Unit>
		<Unit filename="math/scalbln.c">
			<Option compilerVar="CC" />
		</Unit>
		<Unit filename="math/scalblnf.c">
			<Option compilerVar="CC" />
		</Unit>
		<Unit filename="math/scalblnl.c">
			<Option compilerVar="CC" />
		</Unit>
		<Unit filename="math/scalbn.c">
			<Option compilerVar="CC" />
		</Unit>
		<Unit filename="math/scalbnf.c">
			<Option compilerVar="CC" />
		</Unit>
		<Unit filename="math/scalbnl.c">
			<Option compilerVar="CC" />
		</Unit>
		<Unit filename="math/signgam.c">
			<Option compilerVar="CC" />
		</Unit>
		<Unit filename="math/significand.c">
			<Option compilerVar="CC" />
		</Unit>
		<Unit filename="math/significandf.c">
			<Option compilerVar="CC" />
		</Unit>
		<Unit filename="math/sin.c">
			<Option compilerVar="CC" />
		</Unit>
		<Unit filename="math/sincos.c">
			<Option compilerVar="CC" />
		</Unit>
		<Unit filename="math/sincosf.c">
			<Option compilerVar="CC" />
		</Unit>
		<Unit filename="math/sincosl.c">
			<Option compilerVar="CC" />
		</Unit>
		<Unit filename="math/sinf.c">
			<Option compilerVar="CC" />
		</Unit>
		<Unit filename="math/sinh.c">
			<Option compilerVar="CC" />
		</Unit>
		<Unit filename="math/sinhf.c">
			<Option compilerVar="CC" />
		</Unit>
		<Unit filename="math/sinhl.c">
			<Option compilerVar="CC" />
		</Unit>
		<Unit filename="math/sinl.c">
			<Option compilerVar="CC" />
		</Unit>
		<Unit filename="math/sqrt.c">
			<Option compilerVar="CC" />
		</Unit>
		<Unit filename="math/sqrtf.c">
			<Option compilerVar="CC" />
		</Unit>
		<Unit filename="math/sqrtl.c">
			<Option compilerVar="CC" />
		</Unit>
		<Unit filename="math/tan.c">
			<Option compilerVar="CC" />
		</Unit>
		<Unit filename="math/tanf.c">
			<Option compilerVar="CC" />
		</Unit>
		<Unit filename="math/tanh.c">
			<Option compilerVar="CC" />
		</Unit>
		<Unit filename="math/tanhf.c">
			<Option compilerVar="CC" />
		</Unit>
		<Unit filename="math/tanhl.c">
			<Option compilerVar="CC" />
		</Unit>
		<Unit filename="math/tanl.c">
			<Option compilerVar="CC" />
		</Unit>
		<Unit filename="math/tgamma.c">
			<Option compilerVar="CC" />
		</Unit>
		<Unit filename="math/tgammaf.c">
			<Option compilerVar="CC" />
		</Unit>
		<Unit filename="math/tgammal.c">
			<Option compilerVar="CC" />
		</Unit>
		<Unit filename="math/trunc.c">
			<Option compilerVar="CC" />
		</Unit>
		<Unit filename="math/truncf.c">
			<Option compilerVar="CC" />
		</Unit>
		<Unit filename="math/truncl.c">
			<Option compilerVar="CC" />
		</Unit>
		<Unit filename="printf/doc/convert.c">
			<Option compilerVar="CC" />
		</Unit>
		<Unit filename="printf/msp_printf.c">
			<Option compilerVar="CC" />
		</Unit>
		<Unit filename="printf/tfp_printf.c">
			<Option compilerVar="CC" />
		</Unit>
		<Unit filename="project_make_options.sample" />
		<Unit filename="stdlib/abs.c">
			<Option compilerVar="CC" />
		</Unit>
		<Unit filename="stdlib/atoi.c">
			<Option compilerVar="CC" />
		</Unit>
		<Unit filename="stdlib/atol.c">
			<Option compilerVar="CC" />
		</Unit>
		<Unit filename="stdlib/atoll.c">
			<Option compilerVar="CC" />
		</Unit>
		<Unit filename="stdlib/atoui.c">
			<Option compilerVar="CC" />
		</Unit>
		<Unit filename="stdlib/atoul.c">
			<Option compilerVar="CC" />
		</Unit>
		<Unit filename="stdlib/atoull.c">
			<Option compilerVar="CC" />
		</Unit>
		<Unit filename="stdlib/bsearch.c">
			<Option compilerVar="CC" />
		</Unit>
		<Unit filename="stdlib/ctype.c">
			<Option compilerVar="CC" />
		</Unit>
		<Unit filename="stdlib/div.c">
			<Option compilerVar="CC" />
		</Unit>
		<Unit filename="stdlib/errno.c">
			<Option compilerVar="CC" />
		</Unit>
		<Unit filename="stdlib/itoa.c">
			<Option compilerVar="CC" />
		</Unit>
		<Unit filename="stdlib/ldiv.c">
			<Option compilerVar="CC" />
		</Unit>
		<Unit filename="stdlib/lldiv.c">
			<Option compilerVar="CC" />
		</Unit>
		<Unit filename="stdlib/lltoa.c">
			<Option compilerVar="CC" />
		</Unit>
		<Unit filename="stdlib/ltoa.c">
			<Option compilerVar="CC" />
		</Unit>
		<Unit filename="stdlib/rand.c">
			<Option compilerVar="CC" />
		</Unit>
		<Unit filename="stdlib/suitoa.c">
			<Option compilerVar="CC" />
		</Unit>
		<Unit filename="stdlib/usleep.c">
			<Option compilerVar="CC" />
		</Unit>
		<Unit filename="string/memccpy.c">
			<Option compilerVar="CC" />
		</Unit>
		<Unit filename="string/memchr.c">
			<Option compilerVar="CC" />
		</Unit>
		<Unit filename="string/memcmp.c">
			<Option compilerVar="CC" />
		</Unit>
		<Unit filename="string/memcpy-armv7m.S" />
		<Unit filename="string/memcpy-cm3.S" />
		<Unit filename="string/memcpy.c">
			<Option compilerVar="CC" />
		</Unit>
		<Unit filename="string/memcpy_f9.c">
			<Option compilerVar="CC" />
		</Unit>
		<Unit filename="string/memmove.c">
			<Option compilerVar="CC" />
		</Unit>
		<Unit filename="string/memset.c">
			<Option compilerVar="CC" />
		</Unit>
		<Unit filename="string/reverse.c">
			<Option compilerVar="CC" />
		</Unit>
		<Unit filename="string/strcasecmp.c">
			<Option compilerVar="CC" />
		</Unit>
		<Unit filename="string/strcat.c">
			<Option compilerVar="CC" />
		</Unit>
		<Unit filename="string/strchr.c">
			<Option compilerVar="CC" />
		</Unit>
		<Unit filename="string/strcmp.c">
			<Option compilerVar="CC" />
		</Unit>
		<Unit filename="string/strcpy.c">
			<Option compilerVar="CC" />
		</Unit>
		<Unit filename="string/strcspn.c">
			<Option compilerVar="CC" />
		</Unit>
		<Unit filename="string/strlcat.c">
			<Option compilerVar="CC" />
		</Unit>
		<Unit filename="string/strlcpy.c">
			<Option compilerVar="CC" />
		</Unit>
		<Unit filename="string/strlen.c">
			<Option compilerVar="CC" />
		</Unit>
		<Unit filename="string/strncasecmp.c">
			<Option compilerVar="CC" />
		</Unit>
		<Unit filename="string/strncat.c">
			<Option compilerVar="CC" />
		</Unit>
		<Unit filename="string/strncmp.c">
			<Option compilerVar="CC" />
		</Unit>
		<Unit filename="string/strncpy.c">
			<Option compilerVar="CC" />
		</Unit>
		<Unit filename="string/strnlen.c">
			<Option compilerVar="CC" />
		</Unit>
		<Unit filename="string/strpbrk.c">
			<Option compilerVar="CC" />
		</Unit>
		<Unit filename="string/strrchr.c">
			<Option compilerVar="CC" />
		</Unit>
		<Unit filename="string/strrev.c">
			<Option compilerVar="CC" />
		</Unit>
		<Unit filename="string/strsep.c">
			<Option compilerVar="CC" />
		</Unit>
		<Unit filename="string/strspn.c">
			<Option compilerVar="CC" />
		</Unit>
		<Unit filename="string/strstr.c">
			<Option compilerVar="CC" />
		</Unit>
		<Unit filename="string/strtok.c">
			<Option compilerVar="CC" />
		</Unit>
		<Unit filename="string/strtol.c">
			<Option compilerVar="CC" />
		</Unit>
		<Unit filename="string/strtoll.c">
			<Option compilerVar="CC" />
		</Unit>
		<Unit filename="string/strtoul.c">
			<Option compilerVar="CC" />
		</Unit>
		<Unit filename="string/strtoull.c">
			<Option compilerVar="CC" />
		</Unit>
		<Unit filename="string/strupr.c">
			<Option compilerVar="CC" />
		</Unit>
		<Unit filename="systime/systime_ms.c">
			<Option compilerVar="CC" />
		</Unit>
		<Unit filename="systime/systime_sec.c">
			<Option compilerVar="CC" />
		</Unit>
		<Unit filename="systime/systime_tick.c">
			<Option compilerVar="CC" />
		</Unit>
		<Unit filename="test/memcpy-cm3.S" />
		<Unit filename="test/memcpy_test/main.c">
			<Option compilerVar="CC" />
		</Unit>
		<Unit filename="test/memcpy_test/memcpy.c">
			<Option compilerVar="CC" />
		</Unit>
		<Unit filename="test/memcpy_test/memcpy_f9.c">
			<Option compilerVar="CC" />
		</Unit>
		<Unit filename="test/test_memcpy.c">
			<Option compilerVar="CC" />
		</Unit>
		<Unit filename="test/time_test/time_test.c">
			<Option compilerVar="CC" />
		</Unit>
		<Unit filename="time/asctime.c">
			<Option compilerVar="CC" />
		</Unit>
		<Unit filename="time/clock_getres.c">
			<Option compilerVar="CC" />
		</Unit>
		<Unit filename="time/clock_gettime.c">
			<Option compilerVar="CC" />
		</Unit>
		<Unit filename="time/clock_nanosleep.c">
			<Option compilerVar="CC" />
		</Unit>
		<Unit filename="time/clock_settime.c">
			<Option compilerVar="CC" />
		</Unit>
		<Unit filename="time/ctime.c">
			<Option compilerVar="CC" />
		</Unit>
		<Unit filename="time/gettimeofday.c">
			<Option compilerVar="CC" />
		</Unit>
		<Unit filename="time/gmtime.c">
			<Option compilerVar="CC" />
		</Unit>
		<Unit filename="time/localtime.c">
			<Option compilerVar="CC" />
		</Unit>
		<Unit filename="time/mktime.c">
			<Option compilerVar="CC" />
		</Unit>
		<Unit filename="time/time.c">
			<Option compilerVar="CC" />
		</Unit>
		<Unit filename="time/tzset.c">
			<Option compilerVar="CC" />
		</Unit>
		<Unit filename="tlsf_malloc/malloc.c">
			<Option compilerVar="CC" />
		</Unit>
		<Unit filename="tlsf_malloc/tlsf.c">
			<Option compilerVar="CC" />
		</Unit>
		<Unit filename="tlsf_malloc/tlsfbits.h" />
		<Extensions>
			<lib_finder disable_auto="1" />
		</Extensions>
	</Project>
</CodeBlocks_project_file>
